// !$*UTF8*$!
{
	archiveVersion = 1;
	classes = {
	};
	objectVersion = 50;
	objects = {

/* Begin PBXBuildFile section */
		7F0C27C625C04BE7001E8D9E /* WebView.swift in Sources */ = {isa = PBXBuildFile; fileRef = 7F0C27C525C04BE7001E8D9E /* WebView.swift */; };
		7F0C27D425C04F8D001E8D9E /* face.png in Resources */ = {isa = PBXBuildFile; fileRef = 7F0C27D325C04F8D001E8D9E /* face.png */; };
		7F0C27DD25C081A0001E8D9E /* ActivityView.swift in Sources */ = {isa = PBXBuildFile; fileRef = 7F0C27DC25C081A0001E8D9E /* ActivityView.swift */; };
		7F0C27E725C0986E001E8D9E /* PDFViewer.swift in Sources */ = {isa = PBXBuildFile; fileRef = 7F0C27E625C0986E001E8D9E /* PDFViewer.swift */; };
		7F765A4525C022D9000754C0 /* CvGen.xcdatamodeld in Sources */ = {isa = PBXBuildFile; fileRef = 7F765A2F25C022D6000754C0 /* CvGen.xcdatamodeld */; };
		7F765A4725C022D9000754C0 /* CvGenApp.swift in Sources */ = {isa = PBXBuildFile; fileRef = 7F765A3125C022D6000754C0 /* CvGenApp.swift */; };
		7F765A4925C022D9000754C0 /* ContentView.swift in Sources */ = {isa = PBXBuildFile; fileRef = 7F765A3225C022D6000754C0 /* ContentView.swift */; };
		7F765A4B25C022D9000754C0 /* Persistence.swift in Sources */ = {isa = PBXBuildFile; fileRef = 7F765A3325C022D6000754C0 /* Persistence.swift */; };
		7F765A6B25C02CFB000754C0 /* Home.swift in Sources */ = {isa = PBXBuildFile; fileRef = 7F765A6A25C02CFB000754C0 /* Home.swift */; };
		7F765A7625C03EC6000754C0 /* styles.css in Resources */ = {isa = PBXBuildFile; fileRef = 7F765A7325C03EC6000754C0 /* styles.css */; };
		7F765A7825C03EC6000754C0 /* profile.png in Resources */ = {isa = PBXBuildFile; fileRef = 7F765A7525C03EC6000754C0 /* profile.png */; };
		7F765A9125C049E1000754C0 /* HTMLString.swift in Sources */ = {isa = PBXBuildFile; fileRef = 7F765A9025C049E1000754C0 /* HTMLString.swift */; };
		7F7780B925C8436E00D5CDEF /* CvGenViewModel.swift in Sources */ = {isa = PBXBuildFile; fileRef = 7F7780B825C8436E00D5CDEF /* CvGenViewModel.swift */; };
		7FB0008A25C2151E004A89BB /* TestPersonView.swift in Sources */ = {isa = PBXBuildFile; fileRef = 7FB0008925C2151E004A89BB /* TestPersonView.swift */; };
/* End PBXBuildFile section */

/* Begin PBXFileReference section */
		7F0C27C525C04BE7001E8D9E /* WebView.swift */ = {isa = PBXFileReference; lastKnownFileType = sourcecode.swift; path = WebView.swift; sourceTree = "<group>"; };
		7F0C27D325C04F8D001E8D9E /* face.png */ = {isa = PBXFileReference; lastKnownFileType = image.png; path = face.png; sourceTree = "<group>"; };
		7F0C27DC25C081A0001E8D9E /* ActivityView.swift */ = {isa = PBXFileReference; lastKnownFileType = sourcecode.swift; path = ActivityView.swift; sourceTree = "<group>"; };
		7F0C27E625C0986E001E8D9E /* PDFViewer.swift */ = {isa = PBXFileReference; lastKnownFileType = sourcecode.swift; path = PDFViewer.swift; sourceTree = "<group>"; };
		7F765A3025C022D6000754C0 /* Shared.xcdatamodel */ = {isa = PBXFileReference; lastKnownFileType = wrapper.xcdatamodel; path = Shared.xcdatamodel; sourceTree = "<group>"; };
		7F765A3125C022D6000754C0 /* CvGenApp.swift */ = {isa = PBXFileReference; lastKnownFileType = sourcecode.swift; path = CvGenApp.swift; sourceTree = "<group>"; };
		7F765A3225C022D6000754C0 /* ContentView.swift */ = {isa = PBXFileReference; lastKnownFileType = sourcecode.swift; path = ContentView.swift; sourceTree = "<group>"; };
		7F765A3325C022D6000754C0 /* Persistence.swift */ = {isa = PBXFileReference; lastKnownFileType = sourcecode.swift; path = Persistence.swift; sourceTree = "<group>"; };
		7F765A3925C022D9000754C0 /* CvGen.app */ = {isa = PBXFileReference; explicitFileType = wrapper.application; includeInIndex = 0; path = CvGen.app; sourceTree = BUILT_PRODUCTS_DIR; };
		7F765A3C25C022D9000754C0 /* Info.plist */ = {isa = PBXFileReference; lastKnownFileType = text.plist.xml; path = Info.plist; sourceTree = "<group>"; };
		7F765A6A25C02CFB000754C0 /* Home.swift */ = {isa = PBXFileReference; lastKnownFileType = sourcecode.swift; path = Home.swift; sourceTree = "<group>"; };
		7F765A7325C03EC6000754C0 /* styles.css */ = {isa = PBXFileReference; fileEncoding = 4; lastKnownFileType = text.css; path = styles.css; sourceTree = "<group>"; };
		7F765A7525C03EC6000754C0 /* profile.png */ = {isa = PBXFileReference; lastKnownFileType = image.png; path = profile.png; sourceTree = "<group>"; };
		7F765A9025C049E1000754C0 /* HTMLString.swift */ = {isa = PBXFileReference; lastKnownFileType = sourcecode.swift; path = HTMLString.swift; sourceTree = "<group>"; };
		7F7780B825C8436E00D5CDEF /* CvGenViewModel.swift */ = {isa = PBXFileReference; lastKnownFileType = sourcecode.swift; path = CvGenViewModel.swift; sourceTree = "<group>"; };
		7FB0008925C2151E004A89BB /* TestPersonView.swift */ = {isa = PBXFileReference; lastKnownFileType = sourcecode.swift; path = TestPersonView.swift; sourceTree = "<group>"; };
/* End PBXFileReference section */

/* Begin PBXFrameworksBuildPhase section */
		7F765A3625C022D9000754C0 /* Frameworks */ = {
			isa = PBXFrameworksBuildPhase;
			buildActionMask = 2147483647;
			files = (
			);
			runOnlyForDeploymentPostprocessing = 0;
		};
/* End PBXFrameworksBuildPhase section */

/* Begin PBXGroup section */
		7F765A2925C022D6000754C0 = {
			isa = PBXGroup;
			children = (
				7F765A2E25C022D6000754C0 /* Shared */,
				7F765A3B25C022D9000754C0 /* iOS */,
				7F765A3A25C022D9000754C0 /* Products */,
			);
			sourceTree = "<group>";
		};
		7F765A2E25C022D6000754C0 /* Shared */ = {
			isa = PBXGroup;
			children = (
				7F7780B725C8430F00D5CDEF /* ViewModel */,
				7F7780B625C842FB00D5CDEF /* Model */,
				7F765A7225C03E9C000754C0 /* Resources */,
				7F765A6325C02CC3000754C0 /* Views */,
				7F765A3125C022D6000754C0 /* CvGenApp.swift */,
				7F765A3225C022D6000754C0 /* ContentView.swift */,
				7F765A2F25C022D6000754C0 /* CvGen.xcdatamodeld */,
			);
			path = Shared;
			sourceTree = "<group>";
		};
		7F765A3A25C022D9000754C0 /* Products */ = {
			isa = PBXGroup;
			children = (
				7F765A3925C022D9000754C0 /* CvGen.app */,
			);
			name = Products;
			sourceTree = "<group>";
		};
		7F765A3B25C022D9000754C0 /* iOS */ = {
			isa = PBXGroup;
			children = (
				7F765A3C25C022D9000754C0 /* Info.plist */,
			);
			path = iOS;
			sourceTree = "<group>";
		};
		7F765A6325C02CC3000754C0 /* Views */ = {
			isa = PBXGroup;
			children = (
				7F765A6A25C02CFB000754C0 /* Home.swift */,
				7F0C27C525C04BE7001E8D9E /* WebView.swift */,
				7F0C27DC25C081A0001E8D9E /* ActivityView.swift */,
				7F0C27E625C0986E001E8D9E /* PDFViewer.swift */,
				7FB0008925C2151E004A89BB /* TestPersonView.swift */,
			);
			path = Views;
			sourceTree = "<group>";
		};
		7F765A7225C03E9C000754C0 /* Resources */ = {
			isa = PBXGroup;
			children = (
				7F0C27D325C04F8D001E8D9E /* face.png */,
				7F765A7525C03EC6000754C0 /* profile.png */,
				7F765A7325C03EC6000754C0 /* styles.css */,
				7F765A9025C049E1000754C0 /* HTMLString.swift */,
			);
			path = Resources;
			sourceTree = "<group>";
		};
		7F7780B625C842FB00D5CDEF /* Model */ = {
			isa = PBXGroup;
			children = (
				7F765A3325C022D6000754C0 /* Persistence.swift */,
			);
			path = Model;
			sourceTree = "<group>";
		};
		7F7780B725C8430F00D5CDEF /* ViewModel */ = {
			isa = PBXGroup;
			children = (
				7F7780B825C8436E00D5CDEF /* CvGenViewModel.swift */,
			);
			path = ViewModel;
			sourceTree = "<group>";
		};
/* End PBXGroup section */

/* Begin PBXNativeTarget section */
		7F765A3825C022D9000754C0 /* CvGen (iOS) */ = {
			isa = PBXNativeTarget;
			buildConfigurationList = 7F765A5125C022D9000754C0 /* Build configuration list for PBXNativeTarget "CvGen (iOS)" */;
			buildPhases = (
				7F765A3525C022D9000754C0 /* Sources */,
				7F765A3625C022D9000754C0 /* Frameworks */,
				7F765A3725C022D9000754C0 /* Resources */,
			);
			buildRules = (
			);
			dependencies = (
			);
			name = "CvGen (iOS)";
			productName = "CvGen (iOS)";
			productReference = 7F765A3925C022D9000754C0 /* CvGen.app */;
			productType = "com.apple.product-type.application";
		};
/* End PBXNativeTarget section */

/* Begin PBXProject section */
		7F765A2A25C022D6000754C0 /* Project object */ = {
			isa = PBXProject;
			attributes = {
				LastSwiftUpdateCheck = 1230;
				LastUpgradeCheck = 1240;
				TargetAttributes = {
					7F765A3825C022D9000754C0 = {
						CreatedOnToolsVersion = 12.3;
					};
				};
			};
			buildConfigurationList = 7F765A2D25C022D6000754C0 /* Build configuration list for PBXProject "CvGen" */;
			compatibilityVersion = "Xcode 9.3";
			developmentRegion = en;
			hasScannedForEncodings = 0;
			knownRegions = (
				en,
				Base,
			);
			mainGroup = 7F765A2925C022D6000754C0;
			productRefGroup = 7F765A3A25C022D9000754C0 /* Products */;
			projectDirPath = "";
			projectRoot = "";
			targets = (
				7F765A3825C022D9000754C0 /* CvGen (iOS) */,
			);
		};
/* End PBXProject section */

/* Begin PBXResourcesBuildPhase section */
		7F765A3725C022D9000754C0 /* Resources */ = {
			isa = PBXResourcesBuildPhase;
			buildActionMask = 2147483647;
			files = (
				7F765A7625C03EC6000754C0 /* styles.css in Resources */,
				7F0C27D425C04F8D001E8D9E /* face.png in Resources */,
				7F765A7825C03EC6000754C0 /* profile.png in Resources */,
			);
			runOnlyForDeploymentPostprocessing = 0;
		};
/* End PBXResourcesBuildPhase section */

/* Begin PBXSourcesBuildPhase section */
		7F765A3525C022D9000754C0 /* Sources */ = {
			isa = PBXSourcesBuildPhase;
			buildActionMask = 2147483647;
			files = (
				7F765A4525C022D9000754C0 /* CvGen.xcdatamodeld in Sources */,
				7F765A4B25C022D9000754C0 /* Persistence.swift in Sources */,
				7F765A6B25C02CFB000754C0 /* Home.swift in Sources */,
				7F7780B925C8436E00D5CDEF /* CvGenViewModel.swift in Sources */,
				7F765A4725C022D9000754C0 /* CvGenApp.swift in Sources */,
				7F765A4925C022D9000754C0 /* ContentView.swift in Sources */,
				7FB0008A25C2151E004A89BB /* TestPersonView.swift in Sources */,
				7F0C27DD25C081A0001E8D9E /* ActivityView.swift in Sources */,
				7F765A9125C049E1000754C0 /* HTMLString.swift in Sources */,
				7F0C27C625C04BE7001E8D9E /* WebView.swift in Sources */,
				7F0C27E725C0986E001E8D9E /* PDFViewer.swift in Sources */,
			);
			runOnlyForDeploymentPostprocessing = 0;
		};
/* End PBXSourcesBuildPhase section */

/* Begin XCBuildConfiguration section */
		7F765A4F25C022D9000754C0 /* Debug */ = {
			isa = XCBuildConfiguration;
			buildSettings = {
				ALWAYS_SEARCH_USER_PATHS = NO;
				CLANG_ANALYZER_NONNULL = YES;
				CLANG_ANALYZER_NUMBER_OBJECT_CONVERSION = YES_AGGRESSIVE;
				CLANG_CXX_LANGUAGE_STANDARD = "gnu++14";
				CLANG_CXX_LIBRARY = "libc++";
				CLANG_ENABLE_MODULES = YES;
				CLANG_ENABLE_OBJC_ARC = YES;
				CLANG_ENABLE_OBJC_WEAK = YES;
				CLANG_WARN_BLOCK_CAPTURE_AUTORELEASING = YES;
				CLANG_WARN_BOOL_CONVERSION = YES;
				CLANG_WARN_COMMA = YES;
				CLANG_WARN_CONSTANT_CONVERSION = YES;
				CLANG_WARN_DEPRECATED_OBJC_IMPLEMENTATIONS = YES;
				CLANG_WARN_DIRECT_OBJC_ISA_USAGE = YES_ERROR;
				CLANG_WARN_DOCUMENTATION_COMMENTS = YES;
				CLANG_WARN_EMPTY_BODY = YES;
				CLANG_WARN_ENUM_CONVERSION = YES;
				CLANG_WARN_INFINITE_RECURSION = YES;
				CLANG_WARN_INT_CONVERSION = YES;
				CLANG_WARN_NON_LITERAL_NULL_CONVERSION = YES;
				CLANG_WARN_OBJC_IMPLICIT_RETAIN_SELF = YES;
				CLANG_WARN_OBJC_LITERAL_CONVERSION = YES;
				CLANG_WARN_OBJC_ROOT_CLASS = YES_ERROR;
				CLANG_WARN_QUOTED_INCLUDE_IN_FRAMEWORK_HEADER = YES;
				CLANG_WARN_RANGE_LOOP_ANALYSIS = YES;
				CLANG_WARN_STRICT_PROTOTYPES = YES;
				CLANG_WARN_SUSPICIOUS_MOVE = YES;
				CLANG_WARN_UNGUARDED_AVAILABILITY = YES_AGGRESSIVE;
				CLANG_WARN_UNREACHABLE_CODE = YES;
				CLANG_WARN__DUPLICATE_METHOD_MATCH = YES;
				COPY_PHASE_STRIP = NO;
				DEBUG_INFORMATION_FORMAT = dwarf;
				ENABLE_STRICT_OBJC_MSGSEND = YES;
				ENABLE_TESTABILITY = YES;
				GCC_C_LANGUAGE_STANDARD = gnu11;
				GCC_DYNAMIC_NO_PIC = NO;
				GCC_NO_COMMON_BLOCKS = YES;
				GCC_OPTIMIZATION_LEVEL = 0;
				GCC_PREPROCESSOR_DEFINITIONS = (
					"DEBUG=1",
					"$(inherited)",
				);
				GCC_WARN_64_TO_32_BIT_CONVERSION = YES;
				GCC_WARN_ABOUT_RETURN_TYPE = YES_ERROR;
				GCC_WARN_UNDECLARED_SELECTOR = YES;
				GCC_WARN_UNINITIALIZED_AUTOS = YES_AGGRESSIVE;
				GCC_WARN_UNUSED_FUNCTION = YES;
				GCC_WARN_UNUSED_VARIABLE = YES;
				MTL_ENABLE_DEBUG_INFO = INCLUDE_SOURCE;
				MTL_FAST_MATH = YES;
				ONLY_ACTIVE_ARCH = YES;
				SWIFT_ACTIVE_COMPILATION_CONDITIONS = DEBUG;
				SWIFT_OPTIMIZATION_LEVEL = "-Onone";
			};
			name = Debug;
		};
		7F765A5025C022D9000754C0 /* Release */ = {
			isa = XCBuildConfiguration;
			buildSettings = {
				ALWAYS_SEARCH_USER_PATHS = NO;
				CLANG_ANALYZER_NONNULL = YES;
				CLANG_ANALYZER_NUMBER_OBJECT_CONVERSION = YES_AGGRESSIVE;
				CLANG_CXX_LANGUAGE_STANDARD = "gnu++14";
				CLANG_CXX_LIBRARY = "libc++";
				CLANG_ENABLE_MODULES = YES;
				CLANG_ENABLE_OBJC_ARC = YES;
				CLANG_ENABLE_OBJC_WEAK = YES;
				CLANG_WARN_BLOCK_CAPTURE_AUTORELEASING = YES;
				CLANG_WARN_BOOL_CONVERSION = YES;
				CLANG_WARN_COMMA = YES;
				CLANG_WARN_CONSTANT_CONVERSION = YES;
				CLANG_WARN_DEPRECATED_OBJC_IMPLEMENTATIONS = YES;
				CLANG_WARN_DIRECT_OBJC_ISA_USAGE = YES_ERROR;
				CLANG_WARN_DOCUMENTATION_COMMENTS = YES;
				CLANG_WARN_EMPTY_BODY = YES;
				CLANG_WARN_ENUM_CONVERSION = YES;
				CLANG_WARN_INFINITE_RECURSION = YES;
				CLANG_WARN_INT_CONVERSION = YES;
				CLANG_WARN_NON_LITERAL_NULL_CONVERSION = YES;
				CLANG_WARN_OBJC_IMPLICIT_RETAIN_SELF = YES;
				CLANG_WARN_OBJC_LITERAL_CONVERSION = YES;
				CLANG_WARN_OBJC_ROOT_CLASS = YES_ERROR;
				CLANG_WARN_QUOTED_INCLUDE_IN_FRAMEWORK_HEADER = YES;
				CLANG_WARN_RANGE_LOOP_ANALYSIS = YES;
				CLANG_WARN_STRICT_PROTOTYPES = YES;
				CLANG_WARN_SUSPICIOUS_MOVE = YES;
				CLANG_WARN_UNGUARDED_AVAILABILITY = YES_AGGRESSIVE;
				CLANG_WARN_UNREACHABLE_CODE = YES;
				CLANG_WARN__DUPLICATE_METHOD_MATCH = YES;
				COPY_PHASE_STRIP = NO;
				DEBUG_INFORMATION_FORMAT = "dwarf-with-dsym";
				ENABLE_NS_ASSERTIONS = NO;
				ENABLE_STRICT_OBJC_MSGSEND = YES;
				GCC_C_LANGUAGE_STANDARD = gnu11;
				GCC_NO_COMMON_BLOCKS = YES;
				GCC_WARN_64_TO_32_BIT_CONVERSION = YES;
				GCC_WARN_ABOUT_RETURN_TYPE = YES_ERROR;
				GCC_WARN_UNDECLARED_SELECTOR = YES;
				GCC_WARN_UNINITIALIZED_AUTOS = YES_AGGRESSIVE;
				GCC_WARN_UNUSED_FUNCTION = YES;
				GCC_WARN_UNUSED_VARIABLE = YES;
				MTL_ENABLE_DEBUG_INFO = NO;
				MTL_FAST_MATH = YES;
				SWIFT_COMPILATION_MODE = wholemodule;
				SWIFT_OPTIMIZATION_LEVEL = "-O";
			};
			name = Release;
		};
		7F765A5225C022D9000754C0 /* Debug */ = {
			isa = XCBuildConfiguration;
			buildSettings = {
				ASSETCATALOG_COMPILER_GLOBAL_ACCENT_COLOR_NAME = AccentColor;
				CODE_SIGN_STYLE = Automatic;
				DEVELOPMENT_TEAM = J57U5HP4K7;
				ENABLE_PREVIEWS = YES;
				INFOPLIST_FILE = iOS/Info.plist;
				IPHONEOS_DEPLOYMENT_TARGET = 14.0;
				LD_RUNPATH_SEARCH_PATHS = (
					"$(inherited)",
					"@executable_path/Frameworks",
				);
				PRODUCT_BUNDLE_IDENTIFIER = cz.jenikmiklas.CvGen;
				PRODUCT_NAME = CvGen;
				SDKROOT = iphoneos;
				SWIFT_VERSION = 5.0;
				TARGETED_DEVICE_FAMILY = "1,2";
			};
			name = Debug;
		};
		7F765A5325C022D9000754C0 /* Release */ = {
			isa = XCBuildConfiguration;
			buildSettings = {
				ASSETCATALOG_COMPILER_GLOBAL_ACCENT_COLOR_NAME = AccentColor;
				CODE_SIGN_STYLE = Automatic;
				DEVELOPMENT_TEAM = J57U5HP4K7;
				ENABLE_PREVIEWS = YES;
				INFOPLIST_FILE = iOS/Info.plist;
				IPHONEOS_DEPLOYMENT_TARGET = 14.0;
				LD_RUNPATH_SEARCH_PATHS = (
					"$(inherited)",
					"@executable_path/Frameworks",
				);
				PRODUCT_BUNDLE_IDENTIFIER = cz.jenikmiklas.CvGen;
				PRODUCT_NAME = CvGen;
				SDKROOT = iphoneos;
				SWIFT_VERSION = 5.0;
				TARGETED_DEVICE_FAMILY = "1,2";
				VALIDATE_PRODUCT = YES;
			};
			name = Release;
		};
/* End XCBuildConfiguration section */

/* Begin XCConfigurationList section */
		7F765A2D25C022D6000754C0 /* Build configuration list for PBXProject "CvGen" */ = {
			isa = XCConfigurationList;
			buildConfigurations = (
				7F765A4F25C022D9000754C0 /* Debug */,
				7F765A5025C022D9000754C0 /* Release */,
			);
			defaultConfigurationIsVisible = 0;
			defaultConfigurationName = Release;
		};
		7F765A5125C022D9000754C0 /* Build configuration list for PBXNativeTarget "CvGen (iOS)" */ = {
			isa = XCConfigurationList;
			buildConfigurations = (
				7F765A5225C022D9000754C0 /* Debug */,
				7F765A5325C022D9000754C0 /* Release */,
			);
			defaultConfigurationIsVisible = 0;
			defaultConfigurationName = Release;
		};
/* End XCConfigurationList section */

/* Begin XCVersionGroup section */
		7F765A2F25C022D6000754C0 /* CvGen.xcdatamodeld */ = {
			isa = XCVersionGroup;
			children = (
				7F765A3025C022D6000754C0 /* Shared.xcdatamodel */,
			);
			currentVersion = 7F765A3025C022D6000754C0 /* Shared.xcdatamodel */;
			path = CvGen.xcdatamodeld;
			sourceTree = "<group>";
			versionGroupType = wrapper.xcdatamodel;
		};
/* End XCVersionGroup section */
	};
	rootObject = 7F765A2A25C022D6000754C0 /* Project object */;
}
